Microsoft Visual Studio Solution File, Format Version 12.00
# Visual Studio Version 17
VisualStudioVersion = 17.5.2.0
MinimumVisualStudioVersion = 10.0.40219.1
Project("{FAE04EC0-301F-11D3-BF4B-00C04F79EFBC}") = "QuotesNestServer", "QuotesNestServer.csproj", "{16311C4A-CA36-DE00-6270-496C9AA67857}"
EndProject
Global
	GlobalSection(SolutionConfigurationPlatforms) = preSolution
		Debug|Any CPU = Debug|Any CPU
		Release|Any CPU = Release|Any CPU
	EndGlobalSection
	GlobalSection(ProjectConfigurationPlatforms) = postSolution
		{16311C4A-CA36-DE00-6270-496C9AA67857}.Debug|Any CPU.ActiveCfg = Debug|Any CPU
		{16311C4A-CA36-DE00-6270-496C9AA67857}.Debug|Any CPU.Build.0 = Debug|Any CPU
		{16311C4A-CA36-DE00-6270-496C9AA67857}.Release|Any CPU.ActiveCfg = Release|Any CPU
		{16311C4A-CA36-DE00-6270-496C9AA67857}.Release|Any CPU.Build.0 = Release|Any CPU
	EndGlobalSection
	GlobalSection(SolutionProperties) = preSolution
		HideSolutionNode = FALSE
	EndGlobalSection
	GlobalSection(ExtensibilityGlobals) = postSolution
		SolutionGuid = {7B1E5D88-9443-4810-B91A-AD9E67321C7C}
	EndGlobalSection
EndGlobal
